// !$*UTF8*$!
{
	archiveVersion = 1;
	classes = {
	};
	objectVersion = 50;
	objects = {

/* Begin PBXBuildFile section */
		9A4D2CCE23A112BE004F3918 /* AppDelegate.swift in Sources */ = {isa = PBXBuildFile; fileRef = 9A4D2CCD23A112BE004F3918 /* AppDelegate.swift */; };
		9A4D2CD023A112BE004F3918 /* SceneDelegate.swift in Sources */ = {isa = PBXBuildFile; fileRef = 9A4D2CCF23A112BE004F3918 /* SceneDelegate.swift */; };
		9A4D2CD223A112BE004F3918 /* ViewController.swift in Sources */ = {isa = PBXBuildFile; fileRef = 9A4D2CD123A112BE004F3918 /* ViewController.swift */; };
		9A4D2CD523A112BE004F3918 /* Main.storyboard in Resources */ = {isa = PBXBuildFile; fileRef = 9A4D2CD323A112BE004F3918 /* Main.storyboard */; };
		9A4D2CD723A112C0004F3918 /* Assets.xcassets in Resources */ = {isa = PBXBuildFile; fileRef = 9A4D2CD623A112C0004F3918 /* Assets.xcassets */; };
		9A4D2CDA23A112C0004F3918 /* LaunchScreen.storyboard in Resources */ = {isa = PBXBuildFile; fileRef = 9A4D2CD823A112C0004F3918 /* LaunchScreen.storyboard */; };
		9A4D2CE523A112C0004F3918 /* DiffTests.swift in Sources */ = {isa = PBXBuildFile; fileRef = 9A4D2CE423A112C0004F3918 /* DiffTests.swift */; };
		9A4D2CF023A112C0004F3918 /* DiffUITests.swift in Sources */ = {isa = PBXBuildFile; fileRef = 9A4D2CEF23A112C0004F3918 /* DiffUITests.swift */; };
/* End PBXBuildFile section */

/* Begin PBXContainerItemProxy section */
		9A4D2CE123A112C0004F3918 /* PBXContainerItemProxy */ = {
			isa = PBXContainerItemProxy;
			containerPortal = 9A4D2CC223A112BE004F3918 /* Project object */;
			proxyType = 1;
			remoteGlobalIDString = 9A4D2CC923A112BE004F3918;
			remoteInfo = Diff;
		};
		9A4D2CEC23A112C0004F3918 /* PBXContainerItemProxy */ = {
			isa = PBXContainerItemProxy;
			containerPortal = 9A4D2CC223A112BE004F3918 /* Project object */;
			proxyType = 1;
			remoteGlobalIDString = 9A4D2CC923A112BE004F3918;
			remoteInfo = Diff;
		};
/* End PBXContainerItemProxy section */

/* Begin PBXFileReference section */
		9A4D2CCA23A112BE004F3918 /* DiffableDataSourcedemo.app */ = {isa = PBXFileReference; explicitFileType = wrapper.application; includeInIndex = 0; path = DiffableDataSourcedemo.app; sourceTree = BUILT_PRODUCTS_DIR; };
		9A4D2CCD23A112BE004F3918 /* AppDelegate.swift */ = {isa = PBXFileReference; lastKnownFileType = sourcecode.swift; path = AppDelegate.swift; sourceTree = "<group>"; };
		9A4D2CCF23A112BE004F3918 /* SceneDelegate.swift */ = {isa = PBXFileReference; lastKnownFileType = sourcecode.swift; path = SceneDelegate.swift; sourceTree = "<group>"; };
		9A4D2CD123A112BE004F3918 /* ViewController.swift */ = {isa = PBXFileReference; lastKnownFileType = sourcecode.swift; path = ViewController.swift; sourceTree = "<group>"; };
		9A4D2CD423A112BE004F3918 /* Base */ = {isa = PBXFileReference; lastKnownFileType = file.storyboard; name = Base; path = Base.lproj/Main.storyboard; sourceTree = "<group>"; };
		9A4D2CD623A112C0004F3918 /* Assets.xcassets */ = {isa = PBXFileReference; lastKnownFileType = folder.assetcatalog; path = Assets.xcassets; sourceTree = "<group>"; };
		9A4D2CD923A112C0004F3918 /* Base */ = {isa = PBXFileReference; lastKnownFileType = file.storyboard; name = Base; path = Base.lproj/LaunchScreen.storyboard; sourceTree = "<group>"; };
		9A4D2CDB23A112C0004F3918 /* Info.plist */ = {isa = PBXFileReference; lastKnownFileType = text.plist.xml; path = Info.plist; sourceTree = "<group>"; };
		9A4D2CE023A112C0004F3918 /* DiffableDataSourcedemoTests.xctest */ = {isa = PBXFileReference; explicitFileType = wrapper.cfbundle; includeInIndex = 0; path = DiffableDataSourcedemoTests.xctest; sourceTree = BUILT_PRODUCTS_DIR; };
		9A4D2CE423A112C0004F3918 /* DiffTests.swift */ = {isa = PBXFileReference; lastKnownFileType = sourcecode.swift; path = DiffTests.swift; sourceTree = "<group>"; };
		9A4D2CE623A112C0004F3918 /* Info.plist */ = {isa = PBXFileReference; lastKnownFileType = text.plist.xml; path = Info.plist; sourceTree = "<group>"; };
		9A4D2CEB23A112C0004F3918 /* DiffableDataSourcedemoUITests.xctest */ = {isa = PBXFileReference; explicitFileType = wrapper.cfbundle; includeInIndex = 0; path = DiffableDataSourcedemoUITests.xctest; sourceTree = BUILT_PRODUCTS_DIR; };
		9A4D2CEF23A112C0004F3918 /* DiffUITests.swift */ = {isa = PBXFileReference; lastKnownFileType = sourcecode.swift; path = DiffUITests.swift; sourceTree = "<group>"; };
		9A4D2CF123A112C0004F3918 /* Info.plist */ = {isa = PBXFileReference; lastKnownFileType = text.plist.xml; path = Info.plist; sourceTree = "<group>"; };
/* End PBXFileReference section */

/* Begin PBXFrameworksBuildPhase section */
		9A4D2CC723A112BE004F3918 /* Frameworks */ = {
			isa = PBXFrameworksBuildPhase;
			buildActionMask = 2147483647;
			files = (
			);
			runOnlyForDeploymentPostprocessing = 0;
		};
		9A4D2CDD23A112C0004F3918 /* Frameworks */ = {
			isa = PBXFrameworksBuildPhase;
			buildActionMask = 2147483647;
			files = (
			);
			runOnlyForDeploymentPostprocessing = 0;
		};
		9A4D2CE823A112C0004F3918 /* Frameworks */ = {
			isa = PBXFrameworksBuildPhase;
			buildActionMask = 2147483647;
			files = (
			);
			runOnlyForDeploymentPostprocessing = 0;
		};
/* End PBXFrameworksBuildPhase section */

/* Begin PBXGroup section */
		9A4D2CC123A112BE004F3918 = {
			isa = PBXGroup;
			children = (
				9A4D2CCC23A112BE004F3918 /* DiffableDataSourcedemo */,
				9A4D2CE323A112C0004F3918 /* DiffTests */,
				9A4D2CEE23A112C0004F3918 /* DiffUITests */,
				9A4D2CCB23A112BE004F3918 /* Products */,
			);
			sourceTree = "<group>";
		};
		9A4D2CCB23A112BE004F3918 /* Products */ = {
			isa = PBXGroup;
			children = (
				9A4D2CCA23A112BE004F3918 /* DiffableDataSourcedemo.app */,
				9A4D2CE023A112C0004F3918 /* DiffableDataSourcedemoTests.xctest */,
				9A4D2CEB23A112C0004F3918 /* DiffableDataSourcedemoUITests.xctest */,
			);
			name = Products;
			sourceTree = "<group>";
		};
		9A4D2CCC23A112BE004F3918 /* DiffableDataSourcedemo */ = {
			isa = PBXGroup;
			children = (
				9A4D2CCD23A112BE004F3918 /* AppDelegate.swift */,
				9A4D2CCF23A112BE004F3918 /* SceneDelegate.swift */,
				9A4D2CD123A112BE004F3918 /* ViewController.swift */,
				9A4D2CD323A112BE004F3918 /* Main.storyboard */,
				9A4D2CD623A112C0004F3918 /* Assets.xcassets */,
				9A4D2CD823A112C0004F3918 /* LaunchScreen.storyboard */,
				9A4D2CDB23A112C0004F3918 /* Info.plist */,
			);
			path = DiffableDataSourcedemo;
			sourceTree = "<group>";
		};
		9A4D2CE323A112C0004F3918 /* DiffTests */ = {
			isa = PBXGroup;
			children = (
				9A4D2CE423A112C0004F3918 /* DiffTests.swift */,
				9A4D2CE623A112C0004F3918 /* Info.plist */,
			);
			path = DiffTests;
			sourceTree = "<group>";
		};
		9A4D2CEE23A112C0004F3918 /* DiffUITests */ = {
			isa = PBXGroup;
			children = (
				9A4D2CEF23A112C0004F3918 /* DiffUITests.swift */,
				9A4D2CF123A112C0004F3918 /* Info.plist */,
			);
			path = DiffUITests;
			sourceTree = "<group>";
		};
/* End PBXGroup section */

/* Begin PBXNativeTarget section */
		9A4D2CC923A112BE004F3918 /* DiffableDataSourcedemo */ = {
			isa = PBXNativeTarget;
			buildConfigurationList = 9A4D2CF423A112C0004F3918 /* Build configuration list for PBXNativeTarget "DiffableDataSourcedemo" */;
			buildPhases = (
				9A4D2CC623A112BE004F3918 /* Sources */,
				9A4D2CC723A112BE004F3918 /* Frameworks */,
				9A4D2CC823A112BE004F3918 /* Resources */,
			);
			buildRules = (
			);
			dependencies = (
			);
			name = DiffableDataSourcedemo;
			productName = Diff;
			productReference = 9A4D2CCA23A112BE004F3918 /* DiffableDataSourcedemo.app */;
			productType = "com.apple.product-type.application";
		};
		9A4D2CDF23A112C0004F3918 /* DiffableDataSourcedemoTests */ = {
			isa = PBXNativeTarget;
			buildConfigurationList = 9A4D2CF723A112C0004F3918 /* Build configuration list for PBXNativeTarget "DiffableDataSourcedemoTests" */;
			buildPhases = (
				9A4D2CDC23A112C0004F3918 /* Sources */,
				9A4D2CDD23A112C0004F3918 /* Frameworks */,
				9A4D2CDE23A112C0004F3918 /* Resources */,
			);
			buildRules = (
			);
			dependencies = (
				9A4D2CE223A112C0004F3918 /* PBXTargetDependency */,
			);
			name = DiffableDataSourcedemoTests;
			productName = DiffTests;
			productReference = 9A4D2CE023A112C0004F3918 /* DiffableDataSourcedemoTests.xctest */;
			productType = "com.apple.product-type.bundle.unit-test";
		};
		9A4D2CEA23A112C0004F3918 /* DiffableDataSourcedemoUITests */ = {
			isa = PBXNativeTarget;
			buildConfigurationList = 9A4D2CFA23A112C0004F3918 /* Build configuration list for PBXNativeTarget "DiffableDataSourcedemoUITests" */;
			buildPhases = (
				9A4D2CE723A112C0004F3918 /* Sources */,
				9A4D2CE823A112C0004F3918 /* Frameworks */,
				9A4D2CE923A112C0004F3918 /* Resources */,
			);
			buildRules = (
			);
			dependencies = (
				9A4D2CED23A112C0004F3918 /* PBXTargetDependency */,
			);
			name = DiffableDataSourcedemoUITests;
			productName = DiffUITests;
			productReference = 9A4D2CEB23A112C0004F3918 /* DiffableDataSourcedemoUITests.xctest */;
			productType = "com.apple.product-type.bundle.ui-testing";
		};
/* End PBXNativeTarget section */

/* Begin PBXProject section */
		9A4D2CC223A112BE004F3918 /* Project object */ = {
			isa = PBXProject;
			attributes = {
				LastSwiftUpdateCheck = 1100;
				LastUpgradeCheck = 1100;
				ORGANIZATIONNAME = "Sachin Dumal";
				TargetAttributes = {
					9A4D2CC923A112BE004F3918 = {
						CreatedOnToolsVersion = 11.0;
					};
					9A4D2CDF23A112C0004F3918 = {
						CreatedOnToolsVersion = 11.0;
						TestTargetID = 9A4D2CC923A112BE004F3918;
					};
					9A4D2CEA23A112C0004F3918 = {
						CreatedOnToolsVersion = 11.0;
						TestTargetID = 9A4D2CC923A112BE004F3918;
					};
				};
			};
			buildConfigurationList = 9A4D2CC523A112BE004F3918 /* Build configuration list for PBXProject "DiffableDataSourcedemo" */;
			compatibilityVersion = "Xcode 9.3";
			developmentRegion = en;
			hasScannedForEncodings = 0;
			knownRegions = (
				en,
				Base,
			);
			mainGroup = 9A4D2CC123A112BE004F3918;
			productRefGroup = 9A4D2CCB23A112BE004F3918 /* Products */;
			projectDirPath = "";
			projectRoot = "";
			targets = (
				9A4D2CC923A112BE004F3918 /* DiffableDataSourcedemo */,
				9A4D2CDF23A112C0004F3918 /* DiffableDataSourcedemoTests */,
				9A4D2CEA23A112C0004F3918 /* DiffableDataSourcedemoUITests */,
			);
		};
/* End PBXProject section */

/* Begin PBXResourcesBuildPhase section */
		9A4D2CC823A112BE004F3918 /* Resources */ = {
			isa = PBXResourcesBuildPhase;
			buildActionMask = 2147483647;
			files = (
				9A4D2CDA23A112C0004F3918 /* LaunchScreen.storyboard in Resources */,
				9A4D2CD723A112C0004F3918 /* Assets.xcassets in Resources */,
				9A4D2CD523A112BE004F3918 /* Main.storyboard in Resources */,
			);
			runOnlyForDeploymentPostprocessing = 0;
		};
		9A4D2CDE23A112C0004F3918 /* Resources */ = {
			isa = PBXResourcesBuildPhase;
			buildActionMask = 2147483647;
			files = (
			);
			runOnlyForDeploymentPostprocessing = 0;
		};
		9A4D2CE923A112C0004F3918 /* Resources */ = {
			isa = PBXResourcesBuildPhase;
			buildActionMask = 2147483647;
			files = (
			);
			runOnlyForDeploymentPostprocessing = 0;
		};
/* End PBXResourcesBuildPhase section */

/* Begin PBXSourcesBuildPhase section */
		9A4D2CC623A112BE004F3918 /* Sources */ = {
			isa = PBXSourcesBuildPhase;
			buildActionMask = 2147483647;
			files = (
				9A4D2CD223A112BE004F3918 /* ViewController.swift in Sources */,
				9A4D2CCE23A112BE004F3918 /* AppDelegate.swift in Sources */,
				9A4D2CD023A112BE004F3918 /* SceneDelegate.swift in Sources */,
			);
			runOnlyForDeploymentPostprocessing = 0;
		};
		9A4D2CDC23A112C0004F3918 /* Sources */ = {
			isa = PBXSourcesBuildPhase;
			buildActionMask = 2147483647;
			files = (
				9A4D2CE523A112C0004F3918 /* DiffTests.swift in Sources */,
			);
			runOnlyForDeploymentPostprocessing = 0;
		};
		9A4D2CE723A112C0004F3918 /* Sources */ = {
			isa = PBXSourcesBuildPhase;
			buildActionMask = 2147483647;
			files = (
				9A4D2CF023A112C0004F3918 /* DiffUITests.swift in Sources */,
			);
			runOnlyForDeploymentPostprocessing = 0;
		};
/* End PBXSourcesBuildPhase section */

/* Begin PBXTargetDependency section */
		9A4D2CE223A112C0004F3918 /* PBXTargetDependency */ = {
			isa = PBXTargetDependency;
			target = 9A4D2CC923A112BE004F3918 /* DiffableDataSourcedemo */;
			targetProxy = 9A4D2CE123A112C0004F3918 /* PBXContainerItemProxy */;
		};
		9A4D2CED23A112C0004F3918 /* PBXTargetDependency */ = {
			isa = PBXTargetDependency;
			target = 9A4D2CC923A112BE004F3918 /* DiffableDataSourcedemo */;
			targetProxy = 9A4D2CEC23A112C0004F3918 /* PBXContainerItemProxy */;
		};
/* End PBXTargetDependency section */

/* Begin PBXVariantGroup section */
		9A4D2CD323A112BE004F3918 /* Main.storyboard */ = {
			isa = PBXVariantGroup;
			children = (
				9A4D2CD423A112BE004F3918 /* Base */,
			);
			name = Main.storyboard;
			sourceTree = "<group>";
		};
		9A4D2CD823A112C0004F3918 /* LaunchScreen.storyboard */ = {
			isa = PBXVariantGroup;
			children = (
				9A4D2CD923A112C0004F3918 /* Base */,
			);
			name = LaunchScreen.storyboard;
			sourceTree = "<group>";
		};
/* End PBXVariantGroup section */

/* Begin XCBuildConfiguration section */
		9A4D2CF223A112C0004F3918 /* Debug */ = {
			isa = XCBuildConfiguration;
			buildSettings = {
				ALWAYS_SEARCH_USER_PATHS = NO;
				CLANG_ANALYZER_NONNULL = YES;
				CLANG_ANALYZER_NUMBER_OBJECT_CONVERSION = YES_AGGRESSIVE;
				CLANG_CXX_LANGUAGE_STANDARD = "gnu++14";
				CLANG_CXX_LIBRARY = "libc++";
				CLANG_ENABLE_MODULES = YES;
				CLANG_ENABLE_OBJC_ARC = YES;
				CLANG_ENABLE_OBJC_WEAK = YES;
				CLANG_WARN_BLOCK_CAPTURE_AUTORELEASING = YES;
				CLANG_WARN_BOOL_CONVERSION = YES;
				CLANG_WARN_COMMA = YES;
				CLANG_WARN_CONSTANT_CONVERSION = YES;
				CLANG_WARN_DEPRECATED_OBJC_IMPLEMENTATIONS = YES;
				CLANG_WARN_DIRECT_OBJC_ISA_USAGE = YES_ERROR;
				CLANG_WARN_DOCUMENTATION_COMMENTS = YES;
				CLANG_WARN_EMPTY_BODY = YES;
				CLANG_WARN_ENUM_CONVERSION = YES;
				CLANG_WARN_INFINITE_RECURSION = YES;
				CLANG_WARN_INT_CONVERSION = YES;
				CLANG_WARN_NON_LITERAL_NULL_CONVERSION = YES;
				CLANG_WARN_OBJC_IMPLICIT_RETAIN_SELF = YES;
				CLANG_WARN_OBJC_LITERAL_CONVERSION = YES;
				CLANG_WARN_OBJC_ROOT_CLASS = YES_ERROR;
				CLANG_WARN_RANGE_LOOP_ANALYSIS = YES;
				CLANG_WARN_STRICT_PROTOTYPES = YES;
				CLANG_WARN_SUSPICIOUS_MOVE = YES;
				CLANG_WARN_UNGUARDED_AVAILABILITY = YES_AGGRESSIVE;
				CLANG_WARN_UNREACHABLE_CODE = YES;
				CLANG_WARN__DUPLICATE_METHOD_MATCH = YES;
				COPY_PHASE_STRIP = NO;
				DEBUG_INFORMATION_FORMAT = dwarf;
				ENABLE_STRICT_OBJC_MSGSEND = YES;
				ENABLE_TESTABILITY = YES;
				GCC_C_LANGUAGE_STANDARD = gnu11;
				GCC_DYNAMIC_NO_PIC = NO;
				GCC_NO_COMMON_BLOCKS = YES;
				GCC_OPTIMIZATION_LEVEL = 0;
				GCC_PREPROCESSOR_DEFINITIONS = (
					"DEBUG=1",
					"$(inherited)",
				);
				GCC_WARN_64_TO_32_BIT_CONVERSION = YES;
				GCC_WARN_ABOUT_RETURN_TYPE = YES_ERROR;
				GCC_WARN_UNDECLARED_SELECTOR = YES;
				GCC_WARN_UNINITIALIZED_AUTOS = YES_AGGRESSIVE;
				GCC_WARN_UNUSED_FUNCTION = YES;
				GCC_WARN_UNUSED_VARIABLE = YES;
				IPHONEOS_DEPLOYMENT_TARGET = 13.0;
				MTL_ENABLE_DEBUG_INFO = INCLUDE_SOURCE;
				MTL_FAST_MATH = YES;
				ONLY_ACTIVE_ARCH = YES;
				SDKROOT = iphoneos;
				SWIFT_ACTIVE_COMPILATION_CONDITIONS = DEBUG;
				SWIFT_OPTIMIZATION_LEVEL = "-Onone";
			};
			name = Debug;
		};
		9A4D2CF323A112C0004F3918 /* Release */ = {
			isa = XCBuildConfiguration;
			buildSettings = {
				ALWAYS_SEARCH_USER_PATHS = NO;
				CLANG_ANALYZER_NONNULL = YES;
				CLANG_ANALYZER_NUMBER_OBJECT_CONVERSION = YES_AGGRESSIVE;
				CLANG_CXX_LANGUAGE_STANDARD = "gnu++14";
				CLANG_CXX_LIBRARY = "libc++";
				CLANG_ENABLE_MODULES = YES;
				CLANG_ENABLE_OBJC_ARC = YES;
				CLANG_ENABLE_OBJC_WEAK = YES;
				CLANG_WARN_BLOCK_CAPTURE_AUTORELEASING = YES;
				CLANG_WARN_BOOL_CONVERSION = YES;
				CLANG_WARN_COMMA = YES;
				CLANG_WARN_CONSTANT_CONVERSION = YES;
				CLANG_WARN_DEPRECATED_OBJC_IMPLEMENTATIONS = YES;
				CLANG_WARN_DIRECT_OBJC_ISA_USAGE = YES_ERROR;
				CLANG_WARN_DOCUMENTATION_COMMENTS = YES;
				CLANG_WARN_EMPTY_BODY = YES;
				CLANG_WARN_ENUM_CONVERSION = YES;
				CLANG_WARN_INFINITE_RECURSION = YES;
				CLANG_WARN_INT_CONVERSION = YES;
				CLANG_WARN_NON_LITERAL_NULL_CONVERSION = YES;
				CLANG_WARN_OBJC_IMPLICIT_RETAIN_SELF = YES;
				CLANG_WARN_OBJC_LITERAL_CONVERSION = YES;
				CLANG_WARN_OBJC_ROOT_CLASS = YES_ERROR;
				CLANG_WARN_RANGE_LOOP_ANALYSIS = YES;
				CLANG_WARN_STRICT_PROTOTYPES = YES;
				CLANG_WARN_SUSPICIOUS_MOVE = YES;
				CLANG_WARN_UNGUARDED_AVAILABILITY = YES_AGGRESSIVE;
				CLANG_WARN_UNREACHABLE_CODE = YES;
				CLANG_WARN__DUPLICATE_METHOD_MATCH = YES;
				COPY_PHASE_STRIP = NO;
				DEBUG_INFORMATION_FORMAT = "dwarf-with-dsym";
				ENABLE_NS_ASSERTIONS = NO;
				ENABLE_STRICT_OBJC_MSGSEND = YES;
				GCC_C_LANGUAGE_STANDARD = gnu11;
				GCC_NO_COMMON_BLOCKS = YES;
				GCC_WARN_64_TO_32_BIT_CONVERSION = YES;
				GCC_WARN_ABOUT_RETURN_TYPE = YES_ERROR;
				GCC_WARN_UNDECLARED_SELECTOR = YES;
				GCC_WARN_UNINITIALIZED_AUTOS = YES_AGGRESSIVE;
				GCC_WARN_UNUSED_FUNCTION = YES;
				GCC_WARN_UNUSED_VARIABLE = YES;
				IPHONEOS_DEPLOYMENT_TARGET = 13.0;
				MTL_ENABLE_DEBUG_INFO = NO;
				MTL_FAST_MATH = YES;
				SDKROOT = iphoneos;
				SWIFT_COMPILATION_MODE = wholemodule;
				SWIFT_OPTIMIZATION_LEVEL = "-O";
				VALIDATE_PRODUCT = YES;
			};
			name = Release;
		};
		9A4D2CF523A112C0004F3918 /* Debug */ = {
			isa = XCBuildConfiguration;
			buildSettings = {
				ASSETCATALOG_COMPILER_APPICON_NAME = AppIcon;
				CODE_SIGN_STYLE = Automatic;
				DEVELOPMENT_TEAM = W8ZB6PL47P;
				INFOPLIST_FILE = DiffableDataSourcedemo/Info.plist;
				LD_RUNPATH_SEARCH_PATHS = (
					"$(inherited)",
					"@executable_path/Frameworks",
				);
				PRODUCT_BUNDLE_IDENTIFIER = in.co.indigo.Diff;
				PRODUCT_NAME = "$(TARGET_NAME)";
				SWIFT_VERSION = 5.0;
				TARGETED_DEVICE_FAMILY = "1,2";
			};
			name = Debug;
		};
		9A4D2CF623A112C0004F3918 /* Release */ = {
			isa = XCBuildConfiguration;
			buildSettings = {
				ASSETCATALOG_COMPILER_APPICON_NAME = AppIcon;
				CODE_SIGN_STYLE = Automatic;
				DEVELOPMENT_TEAM = W8ZB6PL47P;
				INFOPLIST_FILE = DiffableDataSourcedemo/Info.plist;
				LD_RUNPATH_SEARCH_PATHS = (
					"$(inherited)",
					"@executable_path/Frameworks",
				);
				PRODUCT_BUNDLE_IDENTIFIER = in.co.indigo.Diff;
				PRODUCT_NAME = "$(TARGET_NAME)";
				SWIFT_VERSION = 5.0;
				TARGETED_DEVICE_FAMILY = "1,2";
			};
			name = Release;
		};
		9A4D2CF823A112C0004F3918 /* Debug */ = {
			isa = XCBuildConfiguration;
			buildSettings = {
				ALWAYS_EMBED_SWIFT_STANDARD_LIBRARIES = YES;
				BUNDLE_LOADER = "$(TEST_HOST)";
				CODE_SIGN_STYLE = Automatic;
				DEVELOPMENT_TEAM = W8ZB6PL47P;
				INFOPLIST_FILE = DiffTests/Info.plist;
				IPHONEOS_DEPLOYMENT_TARGET = 13.0;
				LD_RUNPATH_SEARCH_PATHS = (
					"$(inherited)",
					"@executable_path/Frameworks",
					"@loader_path/Frameworks",
				);
				PRODUCT_BUNDLE_IDENTIFIER = in.co.indigo.DiffTests;
				PRODUCT_NAME = "$(TARGET_NAME)";
				SWIFT_VERSION = 5.0;
				TARGETED_DEVICE_FAMILY = "1,2";
				TEST_HOST = "$(BUILT_PRODUCTS_DIR)/DiffableDataSourcedemo.app/DiffableDataSourcedemo";
			};
			name = Debug;
		};
		9A4D2CF923A112C0004F3918 /* Release */ = {
			isa = XCBuildConfiguration;
			buildSettings = {
				ALWAYS_EMBED_SWIFT_STANDARD_LIBRARIES = YES;
				BUNDLE_LOADER = "$(TEST_HOST)";
				CODE_SIGN_STYLE = Automatic;
				DEVELOPMENT_TEAM = W8ZB6PL47P;
				INFOPLIST_FILE = DiffTests/Info.plist;
				IPHONEOS_DEPLOYMENT_TARGET = 13.0;
				LD_RUNPATH_SEARCH_PATHS = (
					"$(inherited)",
					"@executable_path/Frameworks",
					"@loader_path/Frameworks",
				);
				PRODUCT_BUNDLE_IDENTIFIER = in.co.indigo.DiffTests;
				PRODUCT_NAME = "$(TARGET_NAME)";
				SWIFT_VERSION = 5.0;
				TARGETED_DEVICE_FAMILY = "1,2";
				TEST_HOST = "$(BUILT_PRODUCTS_DIR)/DiffableDataSourcedemo.app/DiffableDataSourcedemo";
			};
			name = Release;
		};
		9A4D2CFB23A112C0004F3918 /* Debug */ = {
			isa = XCBuildConfiguration;
			buildSettings = {
				ALWAYS_EMBED_SWIFT_STANDARD_LIBRARIES = YES;
				CODE_SIGN_STYLE = Automatic;
				DEVELOPMENT_TEAM = W8ZB6PL47P;
				INFOPLIST_FILE = DiffUITests/Info.plist;
				LD_RUNPATH_SEARCH_PATHS = (
					"$(inherited)",
					"@executable_path/Frameworks",
					"@loader_path/Frameworks",
				);
				PRODUCT_BUNDLE_IDENTIFIER = in.co.indigo.DiffUITests;
				PRODUCT_NAME = "$(TARGET_NAME)";
				SWIFT_VERSION = 5.0;
				TARGETED_DEVICE_FAMILY = "1,2";
				TEST_TARGET_NAME = Diff;
			};
			name = Debug;
		};
		9A4D2CFC23A112C0004F3918 /* Release */ = {
			isa = XCBuildConfiguration;
			buildSettings = {
				ALWAYS_EMBED_SWIFT_STANDARD_LIBRARIES = YES;
				CODE_SIGN_STYLE = Automatic;
				DEVELOPMENT_TEAM = W8ZB6PL47P;
				INFOPLIST_FILE = DiffUITests/Info.plist;
				LD_RUNPATH_SEARCH_PATHS = (
					"$(inherited)",
					"@executable_path/Frameworks",
					"@loader_path/Frameworks",
				);
				PRODUCT_BUNDLE_IDENTIFIER = in.co.indigo.DiffUITests;
				PRODUCT_NAME = "$(TARGET_NAME)";
				SWIFT_VERSION = 5.0;
				TARGETED_DEVICE_FAMILY = "1,2";
				TEST_TARGET_NAME = Diff;
			};
			name = Release;
		};
/* End XCBuildConfiguration section */

/* Begin XCConfigurationList section */
		9A4D2CC523A112BE004F3918 /* Build configuration list for PBXProject "DiffableDataSourcedemo" */ = {
			isa = XCConfigurationList;
			buildConfigurations = (
				9A4D2CF223A112C0004F3918 /* Debug */,
				9A4D2CF323A112C0004F3918 /* Release */,
			);
			defaultConfigurationIsVisible = 0;
			defaultConfigurationName = Release;
		};
		9A4D2CF423A112C0004F3918 /* Build configuration list for PBXNativeTarget "DiffableDataSourcedemo" */ = {
			isa = XCConfigurationList;
			buildConfigurations = (
				9A4D2CF523A112C0004F3918 /* Debug */,
				9A4D2CF623A112C0004F3918 /* Release */,
			);
			defaultConfigurationIsVisible = 0;
			defaultConfigurationName = Release;
		};
		9A4D2CF723A112C0004F3918 /* Build configuration list for PBXNativeTarget "DiffableDataSourcedemoTests" */ = {
			isa = XCConfigurationList;
			buildConfigurations = (
				9A4D2CF823A112C0004F3918 /* Debug */,
				9A4D2CF923A112C0004F3918 /* Release */,
			);
			defaultConfigurationIsVisible = 0;
			defaultConfigurationName = Release;
		};
		9A4D2CFA23A112C0004F3918 /* Build configuration list for PBXNativeTarget "DiffableDataSourcedemoUITests" */ = {
			isa = XCConfigurationList;
			buildConfigurations = (
				9A4D2CFB23A112C0004F3918 /* Debug */,
				9A4D2CFC23A112C0004F3918 /* Release */,
			);
			defaultConfigurationIsVisible = 0;
			defaultConfigurationName = Release;
		};
/* End XCConfigurationList section */
	};
	rootObject = 9A4D2CC223A112BE004F3918 /* Project object */;
}
